
Microsoft Visual Studio Solution File, Format Version 12.00
# Visual Studio Version 17
VisualStudioVersion = 17.9.34723.18
MinimumVisualStudioVersion = 10.0.40219.1
Project("{8BC9CEB8-8B4A-11D0-8D11-00A0C91BC942}") = "rpc-cpp", "rpc-cpp\rpc-cpp.vcxproj", "{6DD81AC6-D213-4412-8BF9-0D1C0A1186AE}"
EndProject
Project("{8BC9CEB8-8B4A-11D0-8D11-00A0C91BC942}") = "rpc_sever", "rpc_sever\rpc_sever.vcxproj", "{0DAF2889-556E-47F8-B375-BB97AE54170B}"
EndProject
Project("{9A19103F-16F7-4668-BE54-9A1E7A4F7556}") = "rpc-client-cs", "rpc-client\rpc-client-cs.csproj", "{7E03A3F7-5856-439D-88EB-32FB0F562A4C}"
EndProject
Project("{8BC9CEB8-8B4A-11D0-8D11-00A0C91BC942}") = "rpc_client", "rpc_client\rpc_client.vcxproj", "{1D4D1297-1017-48C8-97F2-06E3D2668A5E}"
EndProject
Global
	GlobalSection(SolutionConfigurationPlatforms) = preSolution
		Debug|Any CPU = Debug|Any CPU
		Debug|x64 = Debug|x64
		Debug|x86 = Debug|x86
		Release|Any CPU = Release|Any CPU
		Release|x64 = Release|x64
		Release|x86 = Release|x86
	EndGlobalSection
	GlobalSection(ProjectConfigurationPlatforms) = postSolution
		{6DD81AC6-D213-4412-8BF9-0D1C0A1186AE}.Debug|Any CPU.ActiveCfg = Debug|x64
		{6DD81AC6-D213-4412-8BF9-0D1C0A1186AE}.Debug|Any CPU.Build.0 = Debug|x64
		{6DD81AC6-D213-4412-8BF9-0D1C0A1186AE}.Debug|x64.ActiveCfg = Debug|x64
		{6DD81AC6-D213-4412-8BF9-0D1C0A1186AE}.Debug|x64.Build.0 = Debug|x64
		{6DD81AC6-D213-4412-8BF9-0D1C0A1186AE}.Debug|x86.ActiveCfg = Debug|Win32
		{6DD81AC6-D213-4412-8BF9-0D1C0A1186AE}.Debug|x86.Build.0 = Debug|Win32
		{6DD81AC6-D213-4412-8BF9-0D1C0A1186AE}.Release|Any CPU.ActiveCfg = Release|x64
		{6DD81AC6-D213-4412-8BF9-0D1C0A1186AE}.Release|Any CPU.Build.0 = Release|x64
		{6DD81AC6-D213-4412-8BF9-0D1C0A1186AE}.Release|x64.ActiveCfg = Release|x64
		{6DD81AC6-D213-4412-8BF9-0D1C0A1186AE}.Release|x64.Build.0 = Release|x64
		{6DD81AC6-D213-4412-8BF9-0D1C0A1186AE}.Release|x86.ActiveCfg = Release|Win32
		{6DD81AC6-D213-4412-8BF9-0D1C0A1186AE}.Release|x86.Build.0 = Release|Win32
		{0DAF2889-556E-47F8-B375-BB97AE54170B}.Debug|Any CPU.ActiveCfg = Debug|x64
		{0DAF2889-556E-47F8-B375-BB97AE54170B}.Debug|Any CPU.Build.0 = Debug|x64
		{0DAF2889-556E-47F8-B375-BB97AE54170B}.Debug|x64.ActiveCfg = Debug|x64
		{0DAF2889-556E-47F8-B375-BB97AE54170B}.Debug|x64.Build.0 = Debug|x64
		{0DAF2889-556E-47F8-B375-BB97AE54170B}.Debug|x86.ActiveCfg = Debug|Win32
		{0DAF2889-556E-47F8-B375-BB97AE54170B}.Debug|x86.Build.0 = Debug|Win32
		{0DAF2889-556E-47F8-B375-BB97AE54170B}.Release|Any CPU.ActiveCfg = Release|x64
		{0DAF2889-556E-47F8-B375-BB97AE54170B}.Release|Any CPU.Build.0 = Release|x64
		{0DAF2889-556E-47F8-B375-BB97AE54170B}.Release|x64.ActiveCfg = Release|x64
		{0DAF2889-556E-47F8-B375-BB97AE54170B}.Release|x64.Build.0 = Release|x64
		{0DAF2889-556E-47F8-B375-BB97AE54170B}.Release|x86.ActiveCfg = Release|Win32
		{0DAF2889-556E-47F8-B375-BB97AE54170B}.Release|x86.Build.0 = Release|Win32
		{7E03A3F7-5856-439D-88EB-32FB0F562A4C}.Debug|Any CPU.ActiveCfg = Debug|Any CPU
		{7E03A3F7-5856-439D-88EB-32FB0F562A4C}.Debug|Any CPU.Build.0 = Debug|Any CPU
		{7E03A3F7-5856-439D-88EB-32FB0F562A4C}.Debug|x64.ActiveCfg = Debug|Any CPU
		{7E03A3F7-5856-439D-88EB-32FB0F562A4C}.Debug|x64.Build.0 = Debug|Any CPU
		{7E03A3F7-5856-439D-88EB-32FB0F562A4C}.Debug|x86.ActiveCfg = Debug|Any CPU
		{7E03A3F7-5856-439D-88EB-32FB0F562A4C}.Debug|x86.Build.0 = Debug|Any CPU
		{7E03A3F7-5856-439D-88EB-32FB0F562A4C}.Release|Any CPU.ActiveCfg = Release|Any CPU
		{7E03A3F7-5856-439D-88EB-32FB0F562A4C}.Release|Any CPU.Build.0 = Release|Any CPU
		{7E03A3F7-5856-439D-88EB-32FB0F562A4C}.Release|x64.ActiveCfg = Release|Any CPU
		{7E03A3F7-5856-439D-88EB-32FB0F562A4C}.Release|x64.Build.0 = Release|Any CPU
		{7E03A3F7-5856-439D-88EB-32FB0F562A4C}.Release|x86.ActiveCfg = Release|Any CPU
		{7E03A3F7-5856-439D-88EB-32FB0F562A4C}.Release|x86.Build.0 = Release|Any CPU
		{1D4D1297-1017-48C8-97F2-06E3D2668A5E}.Debug|Any CPU.ActiveCfg = Debug|x64
		{1D4D1297-1017-48C8-97F2-06E3D2668A5E}.Debug|Any CPU.Build.0 = Debug|x64
		{1D4D1297-1017-48C8-97F2-06E3D2668A5E}.Debug|x64.ActiveCfg = Debug|x64
		{1D4D1297-1017-48C8-97F2-06E3D2668A5E}.Debug|x64.Build.0 = Debug|x64
		{1D4D1297-1017-48C8-97F2-06E3D2668A5E}.Debug|x86.ActiveCfg = Debug|Win32
		{1D4D1297-1017-48C8-97F2-06E3D2668A5E}.Debug|x86.Build.0 = Debug|Win32
		{1D4D1297-1017-48C8-97F2-06E3D2668A5E}.Release|Any CPU.ActiveCfg = Release|x64
		{1D4D1297-1017-48C8-97F2-06E3D2668A5E}.Release|Any CPU.Build.0 = Release|x64
		{1D4D1297-1017-48C8-97F2-06E3D2668A5E}.Release|x64.ActiveCfg = Release|x64
		{1D4D1297-1017-48C8-97F2-06E3D2668A5E}.Release|x64.Build.0 = Release|x64
		{1D4D1297-1017-48C8-97F2-06E3D2668A5E}.Release|x86.ActiveCfg = Release|Win32
		{1D4D1297-1017-48C8-97F2-06E3D2668A5E}.Release|x86.Build.0 = Release|Win32
	EndGlobalSection
	GlobalSection(SolutionProperties) = preSolution
		HideSolutionNode = FALSE
	EndGlobalSection
	GlobalSection(ExtensibilityGlobals) = postSolution
		SolutionGuid = {8119A32D-4F69-4E29-A425-63032E2BB39A}
	EndGlobalSection
EndGlobal
